
Microsoft Visual Studio Solution File, Format Version 12.00
# Visual Studio Version 17
VisualStudioVersion = 17.13.35806.99
MinimumVisualStudioVersion = 10.0.40219.1
Project("{FAE04EC0-301F-11D3-BF4B-00C04F79EFBC}") = "OBSS", "OBSS\OBSS.csproj", "{B3F89366-F287-4ADF-8F66-5B16F8F78211}"
EndProject
Global
	GlobalSection(SolutionConfigurationPlatforms) = preSolution
		Debug|Any CPU = Debug|Any CPU
		Release|Any CPU = Release|Any CPU
	EndGlobalSection
	GlobalSection(ProjectConfigurationPlatforms) = postSolution
		{B3F89366-F287-4ADF-8F66-5B16F8F78211}.Debug|Any CPU.ActiveCfg = Debug|Any CPU
		{B3F89366-F287-4ADF-8F66-5B16F8F78211}.Debug|Any CPU.Build.0 = Debug|Any CPU
		{B3F89366-F287-4ADF-8F66-5B16F8F78211}.Release|Any CPU.ActiveCfg = Release|Any CPU
		{B3F89366-F287-4ADF-8F66-5B16F8F78211}.Release|Any CPU.Build.0 = Release|Any CPU
	EndGlobalSection
	GlobalSection(SolutionProperties) = preSolution
		HideSolutionNode = FALSE
	EndGlobalSection
	GlobalSection(ExtensibilityGlobals) = postSolution
		SolutionGuid = {4FFCCFB5-B651-4C28-8E82-96371F3DA360}
	EndGlobalSection
EndGlobal
